{
    "name": "sample_project",
    "requires": true,
    "lockfileVersion": 1,
    "dependencies": {
        "scuri_ts_plugin": {
            "version": "file:.."
        },
        "typescript": {
            "version": "4.9.5",
            "resolved": "https://registry.npmjs.org/typescript/-/typescript-4.9.5.tgz",
            "integrity": "sha512-1FXk9E2Hm+QzZQ7z+McJiHL4NW1F2EzMu9Nq9i3zAaGqibafqYwCVU6WyWAuyQRRzOlxou8xZSyXLEN8oKj24g=="
        }
    }
}
